
Microsoft Visual Studio Solution File, Format Version 12.00
# Visual Studio 15
VisualStudioVersion = 15.0.26228.4
MinimumVisualStudioVersion = 10.0.40219.1
Project("{FAE04EC0-301F-11D3-BF4B-00C04F79EFBC}") = "EFDay1Demo", "EFDay1Demo\EFDay1Demo.csproj", "{EE887940-1039-4D06-A6C1-2002D9378146}"
EndProject
Project("{FAE04EC0-301F-11D3-BF4B-00C04F79EFBC}") = "UserInterFace", "UserInterFace\UserInterFace.csproj", "{554C7051-9A70-4E7E-A4BC-F63EC5B5C89C}"
EndProject
Global
	GlobalSection(SolutionConfigurationPlatforms) = preSolution
		Debug|Any CPU = Debug|Any CPU
		Release|Any CPU = Release|Any CPU
	EndGlobalSection
	GlobalSection(ProjectConfigurationPlatforms) = postSolution
		{EE887940-1039-4D06-A6C1-2002D9378146}.Debug|Any CPU.ActiveCfg = Debug|Any CPU
		{EE887940-1039-4D06-A6C1-2002D9378146}.Debug|Any CPU.Build.0 = Debug|Any CPU
		{EE887940-1039-4D06-A6C1-2002D9378146}.Release|Any CPU.ActiveCfg = Release|Any CPU
		{EE887940-1039-4D06-A6C1-2002D9378146}.Release|Any CPU.Build.0 = Release|Any CPU
		{554C7051-9A70-4E7E-A4BC-F63EC5B5C89C}.Debug|Any CPU.ActiveCfg = Debug|Any CPU
		{554C7051-9A70-4E7E-A4BC-F63EC5B5C89C}.Debug|Any CPU.Build.0 = Debug|Any CPU
		{554C7051-9A70-4E7E-A4BC-F63EC5B5C89C}.Release|Any CPU.ActiveCfg = Release|Any CPU
		{554C7051-9A70-4E7E-A4BC-F63EC5B5C89C}.Release|Any CPU.Build.0 = Release|Any CPU
	EndGlobalSection
	GlobalSection(SolutionProperties) = preSolution
		HideSolutionNode = FALSE
	EndGlobalSection
	GlobalSection(ExtensibilityGlobals) = postSolution
		SolutionGuid = {B4DE33B7-FAA5-4D07-B775-BC532FDF852A}
	EndGlobalSection
EndGlobal
